
Microsoft Visual Studio Solution File, Format Version 12.00
# Visual Studio Version 16
VisualStudioVersion = 16.0.31025.194
MinimumVisualStudioVersion = 10.0.40219.1
Project("{FAE04EC0-301F-11D3-BF4B-00C04F79EFBC}") = "JP_Capstone_CSIS484", "JP_Capstone_CSIS484\JP_Capstone_CSIS484.csproj", "{5789589B-668A-483A-BBFF-47A41BFD307C}"
EndProject
Global
	GlobalSection(SolutionConfigurationPlatforms) = preSolution
		Debug|Any CPU = Debug|Any CPU
		Release|Any CPU = Release|Any CPU
	EndGlobalSection
	GlobalSection(ProjectConfigurationPlatforms) = postSolution
		{5789589B-668A-483A-BBFF-47A41BFD307C}.Debug|Any CPU.ActiveCfg = Debug|Any CPU
		{5789589B-668A-483A-BBFF-47A41BFD307C}.Debug|Any CPU.Build.0 = Debug|Any CPU
		{5789589B-668A-483A-BBFF-47A41BFD307C}.Release|Any CPU.ActiveCfg = Release|Any CPU
		{5789589B-668A-483A-BBFF-47A41BFD307C}.Release|Any CPU.Build.0 = Release|Any CPU
	EndGlobalSection
	GlobalSection(SolutionProperties) = preSolution
		HideSolutionNode = FALSE
	EndGlobalSection
	GlobalSection(ExtensibilityGlobals) = postSolution
		SolutionGuid = {150F6708-F710-4929-8223-828AC5D1025F}
	EndGlobalSection
EndGlobal
